
Microsoft Visual Studio Solution File, Format Version 12.00
# Visual Studio Version 17
VisualStudioVersion = 17.10.34928.147
MinimumVisualStudioVersion = 10.0.40219.1
Project("{FAE04EC0-301F-11D3-BF4B-00C04F79EFBC}") = "Quiz App", "Quiz App.csproj", "{293ADA07-B0CF-41D9-9A9A-BCCE64761D34}"
EndProject
Global
	GlobalSection(SolutionConfigurationPlatforms) = preSolution
		Debug|Any CPU = Debug|Any CPU
		Release|Any CPU = Release|Any CPU
	EndGlobalSection
	GlobalSection(ProjectConfigurationPlatforms) = postSolution
		{293ADA07-B0CF-41D9-9A9A-BCCE64761D34}.Debug|Any CPU.ActiveCfg = Debug|Any CPU
		{293ADA07-B0CF-41D9-9A9A-BCCE64761D34}.Debug|Any CPU.Build.0 = Debug|Any CPU
		{293ADA07-B0CF-41D9-9A9A-BCCE64761D34}.Release|Any CPU.ActiveCfg = Release|Any CPU
		{293ADA07-B0CF-41D9-9A9A-BCCE64761D34}.Release|Any CPU.Build.0 = Release|Any CPU
	EndGlobalSection
	GlobalSection(SolutionProperties) = preSolution
		HideSolutionNode = FALSE
	EndGlobalSection
	GlobalSection(ExtensibilityGlobals) = postSolution
		SolutionGuid = {8C81DB25-5F78-4148-B1DF-CC2307D15439}
	EndGlobalSection
EndGlobal
